{
  "version": 4,
  "terraform_version": "1.3.7",
  "serial": 21,
  "lineage": "bdb39e72-94c7-62cf-67b4-41070e65c4e6",
  "outputs": {},
  "resources": [
    {
      "module": "module.account",
      "mode": "managed",
      "type": "yandex_resourcemanager_folder",
      "name": "folder",
      "provider": "provider[\"registry.terraform.io/yandex-cloud/yandex\"]",
      "instances": [
        {
          "schema_version": 0,
          "attributes": {
            "cloud_id": "b1gge6h1k7ki0g3bi76t",
            "created_at": "2023-02-02T05:33:23Z",
            "description": "dev",
            "id": "b1gfbqldd9cltebl0ujn",
            "labels": {},
            "name": "folder-dev",
            "timeouts": null
          },
          "sensitive_attributes": [],
          "private": "eyJlMmJmYjczMC1lY2FhLTExZTYtOGY4OC0zNDM2M2JjN2M0YzAiOnsiY3JlYXRlIjo2MDAwMDAwMDAwMCwiZGVsZXRlIjoxODAwMDAwMDAwMDAwLCJyZWFkIjo2MDAwMDAwMDAwMCwidXBkYXRlIjo2MDAwMDAwMDAwMH19"
        }
      ]
    }
  ],
  "check_results": null
}
